
Microsoft Visual Studio Solution File, Format Version 12.00
# Visual Studio Version 16
VisualStudioVersion = 16.0.29609.76
MinimumVisualStudioVersion = 10.0.40219.1
Project("{FAE04EC0-301F-11D3-BF4B-00C04F79EFBC}") = "Z2_DAPPER", "Z2_DAPPER\Z2_DAPPER.csproj", "{3306303F-E1AD-4B70-A032-232B70166C7C}"
EndProject
Global
	GlobalSection(SolutionConfigurationPlatforms) = preSolution
		Debug|Any CPU = Debug|Any CPU
		Release|Any CPU = Release|Any CPU
	EndGlobalSection
	GlobalSection(ProjectConfigurationPlatforms) = postSolution
		{3306303F-E1AD-4B70-A032-232B70166C7C}.Debug|Any CPU.ActiveCfg = Debug|Any CPU
		{3306303F-E1AD-4B70-A032-232B70166C7C}.Debug|Any CPU.Build.0 = Debug|Any CPU
		{3306303F-E1AD-4B70-A032-232B70166C7C}.Release|Any CPU.ActiveCfg = Release|Any CPU
		{3306303F-E1AD-4B70-A032-232B70166C7C}.Release|Any CPU.Build.0 = Release|Any CPU
	EndGlobalSection
	GlobalSection(SolutionProperties) = preSolution
		HideSolutionNode = FALSE
	EndGlobalSection
	GlobalSection(ExtensibilityGlobals) = postSolution
		SolutionGuid = {9BA90B11-FEA7-4A5A-B606-6D4319372187}
	EndGlobalSection
EndGlobal
